
Microsoft Visual Studio Solution File, Format Version 12.00
# Visual Studio Version 17
VisualStudioVersion = 17.1.32407.343
MinimumVisualStudioVersion = 10.0.40219.1
Project("{9A19103F-16F7-4668-BE54-9A1E7A4F7556}") = "MovieInfo", "MovieInfo\MovieInfo.csproj", "{91096FFD-1982-49AE-A693-C5C37AD14332}"
EndProject
Project("{00D1A9C2-B5F0-4AF3-8072-F6C62B433612}") = "DB", "DB\DB.sqlproj", "{6084B80E-9F7E-4EF1-9180-96F6E5BB3FF9}"
EndProject
Global
	GlobalSection(SolutionConfigurationPlatforms) = preSolution
		Debug|Any CPU = Debug|Any CPU
		Release|Any CPU = Release|Any CPU
	EndGlobalSection
	GlobalSection(ProjectConfigurationPlatforms) = postSolution
		{91096FFD-1982-49AE-A693-C5C37AD14332}.Debug|Any CPU.ActiveCfg = Debug|Any CPU
		{91096FFD-1982-49AE-A693-C5C37AD14332}.Debug|Any CPU.Build.0 = Debug|Any CPU
		{91096FFD-1982-49AE-A693-C5C37AD14332}.Release|Any CPU.ActiveCfg = Release|Any CPU
		{91096FFD-1982-49AE-A693-C5C37AD14332}.Release|Any CPU.Build.0 = Release|Any CPU
		{6084B80E-9F7E-4EF1-9180-96F6E5BB3FF9}.Debug|Any CPU.ActiveCfg = Debug|Any CPU
		{6084B80E-9F7E-4EF1-9180-96F6E5BB3FF9}.Debug|Any CPU.Build.0 = Debug|Any CPU
		{6084B80E-9F7E-4EF1-9180-96F6E5BB3FF9}.Debug|Any CPU.Deploy.0 = Debug|Any CPU
		{6084B80E-9F7E-4EF1-9180-96F6E5BB3FF9}.Release|Any CPU.ActiveCfg = Release|Any CPU
		{6084B80E-9F7E-4EF1-9180-96F6E5BB3FF9}.Release|Any CPU.Build.0 = Release|Any CPU
		{6084B80E-9F7E-4EF1-9180-96F6E5BB3FF9}.Release|Any CPU.Deploy.0 = Release|Any CPU
	EndGlobalSection
	GlobalSection(SolutionProperties) = preSolution
		HideSolutionNode = FALSE
	EndGlobalSection
	GlobalSection(ExtensibilityGlobals) = postSolution
		SolutionGuid = {01132328-F63A-40E6-A62D-371DB571097C}
	EndGlobalSection
EndGlobal
